// !$*UTF8*$!
{
	archiveVersion = 1;
	classes = {
	};
	objectVersion = 46;
	objects = {

/* Begin PBXBuildFile section */
		4812FDBA183581AA0036749C /* XCTest.framework in Frameworks */ = {isa = PBXBuildFile; fileRef = 4812FDB9183581AA0036749C /* XCTest.framework */; };
		4812FDBB183581AA0036749C /* Foundation.framework in Frameworks */ = {isa = PBXBuildFile; fileRef = 4812FDAB183581AA0036749C /* Foundation.framework */; };
		4812FDC0183581AA0036749C /* libMDSDK.a in Frameworks */ = {isa = PBXBuildFile; fileRef = 4812FDA8183581AA0036749C /* libMDSDK.a */; };
		4812FDC6183581AA0036749C /* InfoPlist.strings in Resources */ = {isa = PBXBuildFile; fileRef = 4812FDC4183581AA0036749C /* InfoPlist.strings */; };
		4812FDC8183581AA0036749C /* MDSDKTests.m in Sources */ = {isa = PBXBuildFile; fileRef = 4812FDC7183581AA0036749C /* MDSDKTests.m */; };
		4812FDE1183582410036749C /* MDAnimatedDotsScene.m in Sources */ = {isa = PBXBuildFile; fileRef = 4812FDD4183582410036749C /* MDAnimatedDotsScene.m */; };
		4812FDE2183582410036749C /* MDAnimatedDotsScene.m in Sources */ = {isa = PBXBuildFile; fileRef = 4812FDD4183582410036749C /* MDAnimatedDotsScene.m */; };
		4812FDE3183582410036749C /* MDAnimatedDotsViewController.m in Sources */ = {isa = PBXBuildFile; fileRef = 4812FDD6183582410036749C /* MDAnimatedDotsViewController.m */; };
		4812FDE4183582410036749C /* MDAnimatedDotsViewController.m in Sources */ = {isa = PBXBuildFile; fileRef = 4812FDD6183582410036749C /* MDAnimatedDotsViewController.m */; };
		4812FDE6183582410036749C /* MDDotNode.m in Sources */ = {isa = PBXBuildFile; fileRef = 4812FDD9183582410036749C /* MDDotNode.m */; };
		4812FDE7183582410036749C /* MDDotNode.m in Sources */ = {isa = PBXBuildFile; fileRef = 4812FDD9183582410036749C /* MDDotNode.m */; };
		4812FDE8183582410036749C /* MDSideMenuViewController.m in Sources */ = {isa = PBXBuildFile; fileRef = 4812FDDC183582410036749C /* MDSideMenuViewController.m */; };
		4812FDE9183582410036749C /* MDSideMenuViewController.m in Sources */ = {isa = PBXBuildFile; fileRef = 4812FDDC183582410036749C /* MDSideMenuViewController.m */; };
		4812FDEB183582410036749C /* MDRandom.m in Sources */ = {isa = PBXBuildFile; fileRef = 4812FDE0183582410036749C /* MDRandom.m */; };
		4812FDEC183582410036749C /* MDRandom.m in Sources */ = {isa = PBXBuildFile; fileRef = 4812FDE0183582410036749C /* MDRandom.m */; };
		4812FDF11835824A0036749C /* UIColor+HexColor.m in Sources */ = {isa = PBXBuildFile; fileRef = 4812FDF01835824A0036749C /* UIColor+HexColor.m */; };
		4812FDF21835824A0036749C /* UIColor+HexColor.m in Sources */ = {isa = PBXBuildFile; fileRef = 4812FDF01835824A0036749C /* UIColor+HexColor.m */; };
		4820B6E51AABB91C00B2183B /* UIColor+Equal.h in Headers */ = {isa = PBXBuildFile; fileRef = 4820B6E31AABB91C00B2183B /* UIColor+Equal.h */; settings = {ATTRIBUTES = (Public, ); }; };
		4820B6E61AABB91C00B2183B /* UIColor+Equal.m in Sources */ = {isa = PBXBuildFile; fileRef = 4820B6E41AABB91C00B2183B /* UIColor+Equal.m */; };
		4832EAF2186A2EA80075068A /* UIImage+Tint.m in Sources */ = {isa = PBXBuildFile; fileRef = 4832EAF1186A2EA80075068A /* UIImage+Tint.m */; };
		4832EAF3186A2EAE0075068A /* UIImage+Tint.m in Sources */ = {isa = PBXBuildFile; fileRef = 4832EAF1186A2EA80075068A /* UIImage+Tint.m */; };
		4832F0BE186A23D0002AA665 /* MDPopupButtonsController.m in Sources */ = {isa = PBXBuildFile; fileRef = 4832F0BD186A23D0002AA665 /* MDPopupButtonsController.m */; };
		487F3A7618467DC800130741 /* MDLongPressPopupButtonsController.m in Sources */ = {isa = PBXBuildFile; fileRef = 487F3A7518467DC800130741 /* MDLongPressPopupButtonsController.m */; };
		4895A77E1AAAFE9A00B202B2 /* MDColorPickerView.h in Headers */ = {isa = PBXBuildFile; fileRef = 4895A77C1AAAFE9A00B202B2 /* MDColorPickerView.h */; settings = {ATTRIBUTES = (Public, ); }; };
		4895A77F1AAAFE9A00B202B2 /* MDColorPickerView.m in Sources */ = {isa = PBXBuildFile; fileRef = 4895A77D1AAAFE9A00B202B2 /* MDColorPickerView.m */; };
		48B6252718E43A4900C528E8 /* MDSDK.h in Headers */ = {isa = PBXBuildFile; fileRef = 4812FDB0183581AA0036749C /* MDSDK.h */; settings = {ATTRIBUTES = (Public, ); }; };
		48B6252818E43A5900C528E8 /* MDAnimatedDotsViewController.h in Headers */ = {isa = PBXBuildFile; fileRef = 4812FDD5183582410036749C /* MDAnimatedDotsViewController.h */; settings = {ATTRIBUTES = (Public, ); }; };
		48B6252918E43A5900C528E8 /* MDAnimatedDotsScene.h in Headers */ = {isa = PBXBuildFile; fileRef = 4812FDD3183582410036749C /* MDAnimatedDotsScene.h */; settings = {ATTRIBUTES = (Public, ); }; };
		48B6252A18E43A5900C528E8 /* MDDotNode.h in Headers */ = {isa = PBXBuildFile; fileRef = 4812FDD8183582410036749C /* MDDotNode.h */; settings = {ATTRIBUTES = (Public, ); }; };
		48B6252B18E43A5900C528E8 /* MDSideMenuViewController.h in Headers */ = {isa = PBXBuildFile; fileRef = 4812FDDB183582410036749C /* MDSideMenuViewController.h */; settings = {ATTRIBUTES = (Public, ); }; };
		48B6252C18E43A5900C528E8 /* MDPopupButtonsController.h in Headers */ = {isa = PBXBuildFile; fileRef = 4832F0BC186A23D0002AA665 /* MDPopupButtonsController.h */; settings = {ATTRIBUTES = (Public, ); }; };
		48B6252D18E43A5900C528E8 /* MDLongPressPopupButtonsController.h in Headers */ = {isa = PBXBuildFile; fileRef = 487F3A7418467DC800130741 /* MDLongPressPopupButtonsController.h */; settings = {ATTRIBUTES = (Public, ); }; };
		48B6252E18E43A5900C528E8 /* MDRandom.h in Headers */ = {isa = PBXBuildFile; fileRef = 4812FDDF183582410036749C /* MDRandom.h */; settings = {ATTRIBUTES = (Public, ); }; };
		48B6252F18E43A6A00C528E8 /* UIColor+HexColor.h in Headers */ = {isa = PBXBuildFile; fileRef = 4812FDEF1835824A0036749C /* UIColor+HexColor.h */; settings = {ATTRIBUTES = (Public, ); }; };
		48B6253018E43A6A00C528E8 /* UIImage+Tint.h in Headers */ = {isa = PBXBuildFile; fileRef = 4832EAF0186A2EA80075068A /* UIImage+Tint.h */; settings = {ATTRIBUTES = (Public, ); }; };
		48B6253118E43A7400C528E8 /* MDMacros.h in Headers */ = {isa = PBXBuildFile; fileRef = 48798CD318C1CC1D00024154 /* MDMacros.h */; settings = {ATTRIBUTES = (Public, ); }; };
		48B6253218E43A9100C528E8 /* Foundation.framework in Frameworks */ = {isa = PBXBuildFile; fileRef = 4812FDAB183581AA0036749C /* Foundation.framework */; };
		48E62D491A58640F00B944CE /* MDBlockDelegateActionSheet.h in Headers */ = {isa = PBXBuildFile; fileRef = 48E62D451A58640F00B944CE /* MDBlockDelegateActionSheet.h */; settings = {ATTRIBUTES = (Public, ); }; };
		48E62D4A1A58640F00B944CE /* MDBlockDelegateActionSheet.m in Sources */ = {isa = PBXBuildFile; fileRef = 48E62D461A58640F00B944CE /* MDBlockDelegateActionSheet.m */; };
		48E62D4B1A58640F00B944CE /* MDBlockDelegateAlertView.h in Headers */ = {isa = PBXBuildFile; fileRef = 48E62D471A58640F00B944CE /* MDBlockDelegateAlertView.h */; settings = {ATTRIBUTES = (Public, ); }; };
		48E62D4C1A58640F00B944CE /* MDBlockDelegateAlertView.m in Sources */ = {isa = PBXBuildFile; fileRef = 48E62D481A58640F00B944CE /* MDBlockDelegateAlertView.m */; };
		48E62D4D1A58641500B944CE /* MDBlockDelegateActionSheet.m in Sources */ = {isa = PBXBuildFile; fileRef = 48E62D461A58640F00B944CE /* MDBlockDelegateActionSheet.m */; };
		48E62D4E1A58641500B944CE /* MDBlockDelegateAlertView.m in Sources */ = {isa = PBXBuildFile; fileRef = 48E62D481A58640F00B944CE /* MDBlockDelegateAlertView.m */; };
/* End PBXBuildFile section */

/* Begin PBXContainerItemProxy section */
		4812FDBE183581AA0036749C /* PBXContainerItemProxy */ = {
			isa = PBXContainerItemProxy;
			containerPortal = 4812FDA0183581AA0036749C /* Project object */;
			proxyType = 1;
			remoteGlobalIDString = 4812FDA7183581AA0036749C;
			remoteInfo = MDSDK;
		};
/* End PBXContainerItemProxy section */

/* Begin PBXCopyFilesBuildPhase section */
		4812FDA6183581AA0036749C /* CopyFiles */ = {
			isa = PBXCopyFilesBuildPhase;
			buildActionMask = 2147483647;
			dstPath = "include/$(PRODUCT_NAME)";
			dstSubfolderSpec = 16;
			files = (
			);
			runOnlyForDeploymentPostprocessing = 0;
		};
/* End PBXCopyFilesBuildPhase section */

/* Begin PBXFileReference section */
		4812FDA8183581AA0036749C /* libMDSDK.a */ = {isa = PBXFileReference; explicitFileType = archive.ar; includeInIndex = 0; path = libMDSDK.a; sourceTree = BUILT_PRODUCTS_DIR; };
		4812FDAB183581AA0036749C /* Foundation.framework */ = {isa = PBXFileReference; lastKnownFileType = wrapper.framework; name = Foundation.framework; path = System/Library/Frameworks/Foundation.framework; sourceTree = SDKROOT; };
		4812FDAF183581AA0036749C /* MDSDK-Prefix.pch */ = {isa = PBXFileReference; lastKnownFileType = sourcecode.c.h; path = "MDSDK-Prefix.pch"; sourceTree = "<group>"; };
		4812FDB0183581AA0036749C /* MDSDK.h */ = {isa = PBXFileReference; lastKnownFileType = sourcecode.c.h; path = MDSDK.h; sourceTree = "<group>"; };
		4812FDB8183581AA0036749C /* MDSDKTests.xctest */ = {isa = PBXFileReference; explicitFileType = wrapper.cfbundle; includeInIndex = 0; path = MDSDKTests.xctest; sourceTree = BUILT_PRODUCTS_DIR; };
		4812FDB9183581AA0036749C /* XCTest.framework */ = {isa = PBXFileReference; lastKnownFileType = wrapper.framework; name = XCTest.framework; path = Library/Frameworks/XCTest.framework; sourceTree = DEVELOPER_DIR; };
		4812FDC3183581AA0036749C /* MDSDKTests-Info.plist */ = {isa = PBXFileReference; lastKnownFileType = text.plist.xml; path = "MDSDKTests-Info.plist"; sourceTree = "<group>"; };
		4812FDC5183581AA0036749C /* en */ = {isa = PBXFileReference; lastKnownFileType = text.plist.strings; name = en; path = en.lproj/InfoPlist.strings; sourceTree = "<group>"; };
		4812FDC7183581AA0036749C /* MDSDKTests.m */ = {isa = PBXFileReference; lastKnownFileType = sourcecode.c.objc; path = MDSDKTests.m; sourceTree = "<group>"; };
		4812FDD3183582410036749C /* MDAnimatedDotsScene.h */ = {isa = PBXFileReference; fileEncoding = 4; lastKnownFileType = sourcecode.c.h; path = MDAnimatedDotsScene.h; sourceTree = "<group>"; };
		4812FDD4183582410036749C /* MDAnimatedDotsScene.m */ = {isa = PBXFileReference; fileEncoding = 4; lastKnownFileType = sourcecode.c.objc; path = MDAnimatedDotsScene.m; sourceTree = "<group>"; };
		4812FDD5183582410036749C /* MDAnimatedDotsViewController.h */ = {isa = PBXFileReference; fileEncoding = 4; lastKnownFileType = sourcecode.c.h; path = MDAnimatedDotsViewController.h; sourceTree = "<group>"; };
		4812FDD6183582410036749C /* MDAnimatedDotsViewController.m */ = {isa = PBXFileReference; fileEncoding = 4; lastKnownFileType = sourcecode.c.objc; path = MDAnimatedDotsViewController.m; sourceTree = "<group>"; };
		4812FDD8183582410036749C /* MDDotNode.h */ = {isa = PBXFileReference; fileEncoding = 4; lastKnownFileType = sourcecode.c.h; path = MDDotNode.h; sourceTree = "<group>"; };
		4812FDD9183582410036749C /* MDDotNode.m */ = {isa = PBXFileReference; fileEncoding = 4; lastKnownFileType = sourcecode.c.objc; path = MDDotNode.m; sourceTree = "<group>"; };
		4812FDDB183582410036749C /* MDSideMenuViewController.h */ = {isa = PBXFileReference; fileEncoding = 4; lastKnownFileType = sourcecode.c.h; path = MDSideMenuViewController.h; sourceTree = "<group>"; };
		4812FDDC183582410036749C /* MDSideMenuViewController.m */ = {isa = PBXFileReference; fileEncoding = 4; lastKnownFileType = sourcecode.c.objc; path = MDSideMenuViewController.m; sourceTree = "<group>"; };
		4812FDDF183582410036749C /* MDRandom.h */ = {isa = PBXFileReference; fileEncoding = 4; lastKnownFileType = sourcecode.c.h; path = MDRandom.h; sourceTree = "<group>"; };
		4812FDE0183582410036749C /* MDRandom.m */ = {isa = PBXFileReference; fileEncoding = 4; lastKnownFileType = sourcecode.c.objc; path = MDRandom.m; sourceTree = "<group>"; };
		4812FDEF1835824A0036749C /* UIColor+HexColor.h */ = {isa = PBXFileReference; fileEncoding = 4; lastKnownFileType = sourcecode.c.h; path = "UIColor+HexColor.h"; sourceTree = "<group>"; };
		4812FDF01835824A0036749C /* UIColor+HexColor.m */ = {isa = PBXFileReference; fileEncoding = 4; lastKnownFileType = sourcecode.c.objc; path = "UIColor+HexColor.m"; sourceTree = "<group>"; };
		4812FDF3183582720036749C /* UIKit.framework */ = {isa = PBXFileReference; lastKnownFileType = wrapper.framework; name = UIKit.framework; path = System/Library/Frameworks/UIKit.framework; sourceTree = SDKROOT; };
		4812FDF5183582770036749C /* QuartzCore.framework */ = {isa = PBXFileReference; lastKnownFileType = wrapper.framework; name = QuartzCore.framework; path = System/Library/Frameworks/QuartzCore.framework; sourceTree = SDKROOT; };
		4812FDF71835827C0036749C /* SpriteKit.framework */ = {isa = PBXFileReference; lastKnownFileType = wrapper.framework; name = SpriteKit.framework; path = System/Library/Frameworks/SpriteKit.framework; sourceTree = SDKROOT; };
		4812FDF9183582880036749C /* CoreGraphics.framework */ = {isa = PBXFileReference; lastKnownFileType = wrapper.framework; name = CoreGraphics.framework; path = System/Library/Frameworks/CoreGraphics.framework; sourceTree = SDKROOT; };
		4812FDFB183582AE0036749C /* CoreMotion.framework */ = {isa = PBXFileReference; lastKnownFileType = wrapper.framework; name = CoreMotion.framework; path = System/Library/Frameworks/CoreMotion.framework; sourceTree = SDKROOT; };
		4820B6E31AABB91C00B2183B /* UIColor+Equal.h */ = {isa = PBXFileReference; fileEncoding = 4; lastKnownFileType = sourcecode.c.h; name = "UIColor+Equal.h"; path = "ColorPickerView/UIColor+Equal.h"; sourceTree = "<group>"; };
		4820B6E41AABB91C00B2183B /* UIColor+Equal.m */ = {isa = PBXFileReference; fileEncoding = 4; lastKnownFileType = sourcecode.c.objc; name = "UIColor+Equal.m"; path = "ColorPickerView/UIColor+Equal.m"; sourceTree = "<group>"; };
		4832EAF0186A2EA80075068A /* UIImage+Tint.h */ = {isa = PBXFileReference; fileEncoding = 4; lastKnownFileType = sourcecode.c.h; name = "UIImage+Tint.h"; path = "Classes/UIImage+Tint.h"; sourceTree = "<group>"; };
		4832EAF1186A2EA80075068A /* UIImage+Tint.m */ = {isa = PBXFileReference; fileEncoding = 4; lastKnownFileType = sourcecode.c.objc; name = "UIImage+Tint.m"; path = "Classes/UIImage+Tint.m"; sourceTree = "<group>"; };
		4832F0BC186A23D0002AA665 /* MDPopupButtonsController.h */ = {isa = PBXFileReference; fileEncoding = 4; lastKnownFileType = sourcecode.c.h; name = MDPopupButtonsController.h; path = LongPressPopupButtonsController/MDPopupButtonsController.h; sourceTree = "<group>"; };
		4832F0BD186A23D0002AA665 /* MDPopupButtonsController.m */ = {isa = PBXFileReference; fileEncoding = 4; lastKnownFileType = sourcecode.c.objc; name = MDPopupButtonsController.m; path = LongPressPopupButtonsController/MDPopupButtonsController.m; sourceTree = "<group>"; };
		48798CD318C1CC1D00024154 /* MDMacros.h */ = {isa = PBXFileReference; lastKnownFileType = sourcecode.c.h; path = MDMacros.h; sourceTree = "<group>"; };
		487F3A7418467DC800130741 /* MDLongPressPopupButtonsController.h */ = {isa = PBXFileReference; fileEncoding = 4; lastKnownFileType = sourcecode.c.h; name = MDLongPressPopupButtonsController.h; path = LongPressPopupButtonsController/MDLongPressPopupButtonsController.h; sourceTree = "<group>"; };
		487F3A7518467DC800130741 /* MDLongPressPopupButtonsController.m */ = {isa = PBXFileReference; fileEncoding = 4; lastKnownFileType = sourcecode.c.objc; name = MDLongPressPopupButtonsController.m; path = LongPressPopupButtonsController/MDLongPressPopupButtonsController.m; sourceTree = "<group>"; };
		4895A77C1AAAFE9A00B202B2 /* MDColorPickerView.h */ = {isa = PBXFileReference; fileEncoding = 4; lastKnownFileType = sourcecode.c.h; name = MDColorPickerView.h; path = ColorPickerView/MDColorPickerView.h; sourceTree = "<group>"; };
		4895A77D1AAAFE9A00B202B2 /* MDColorPickerView.m */ = {isa = PBXFileReference; fileEncoding = 4; lastKnownFileType = sourcecode.c.objc; name = MDColorPickerView.m; path = ColorPickerView/MDColorPickerView.m; sourceTree = "<group>"; };
		48E62D451A58640F00B944CE /* MDBlockDelegateActionSheet.h */ = {isa = PBXFileReference; fileEncoding = 4; lastKnownFileType = sourcecode.c.h; path = MDBlockDelegateActionSheet.h; sourceTree = "<group>"; };
		48E62D461A58640F00B944CE /* MDBlockDelegateActionSheet.m */ = {isa = PBXFileReference; fileEncoding = 4; lastKnownFileType = sourcecode.c.objc; path = MDBlockDelegateActionSheet.m; sourceTree = "<group>"; };
		48E62D471A58640F00B944CE /* MDBlockDelegateAlertView.h */ = {isa = PBXFileReference; fileEncoding = 4; lastKnownFileType = sourcecode.c.h; path = MDBlockDelegateAlertView.h; sourceTree = "<group>"; };
		48E62D481A58640F00B944CE /* MDBlockDelegateAlertView.m */ = {isa = PBXFileReference; fileEncoding = 4; lastKnownFileType = sourcecode.c.objc; path = MDBlockDelegateAlertView.m; sourceTree = "<group>"; };
/* End PBXFileReference section */

/* Begin PBXFrameworksBuildPhase section */
		4812FDA5183581AA0036749C /* Frameworks */ = {
			isa = PBXFrameworksBuildPhase;
			buildActionMask = 2147483647;
			files = (
				48B6253218E43A9100C528E8 /* Foundation.framework in Frameworks */,
			);
			runOnlyForDeploymentPostprocessing = 0;
		};
		4812FDB5183581AA0036749C /* Frameworks */ = {
			isa = PBXFrameworksBuildPhase;
			buildActionMask = 2147483647;
			files = (
				4812FDBA183581AA0036749C /* XCTest.framework in Frameworks */,
				4812FDBB183581AA0036749C /* Foundation.framework in Frameworks */,
				4812FDC0183581AA0036749C /* libMDSDK.a in Frameworks */,
			);
			runOnlyForDeploymentPostprocessing = 0;
		};
/* End PBXFrameworksBuildPhase section */

/* Begin PBXGroup section */
		4812FD9F183581AA0036749C = {
			isa = PBXGroup;
			children = (
				4812FDAD183581AA0036749C /* MDSDK */,
				4812FDC1183581AA0036749C /* MDSDKTests */,
				4812FDAA183581AA0036749C /* Frameworks */,
				4812FDA9183581AA0036749C /* Products */,
			);
			sourceTree = "<group>";
		};
		4812FDA9183581AA0036749C /* Products */ = {
			isa = PBXGroup;
			children = (
				4812FDA8183581AA0036749C /* libMDSDK.a */,
				4812FDB8183581AA0036749C /* MDSDKTests.xctest */,
			);
			name = Products;
			sourceTree = "<group>";
		};
		4812FDAA183581AA0036749C /* Frameworks */ = {
			isa = PBXGroup;
			children = (
				4812FDFB183582AE0036749C /* CoreMotion.framework */,
				4812FDF9183582880036749C /* CoreGraphics.framework */,
				4812FDF71835827C0036749C /* SpriteKit.framework */,
				4812FDF5183582770036749C /* QuartzCore.framework */,
				4812FDF3183582720036749C /* UIKit.framework */,
				4812FDAB183581AA0036749C /* Foundation.framework */,
				4812FDB9183581AA0036749C /* XCTest.framework */,
			);
			name = Frameworks;
			sourceTree = "<group>";
		};
		4812FDAD183581AA0036749C /* MDSDK */ = {
			isa = PBXGroup;
			children = (
				4812FDB0183581AA0036749C /* MDSDK.h */,
				4812FDD1183582410036749C /* Classes */,
				4812FDED1835824A0036749C /* Libraries */,
				4812FDAE183581AA0036749C /* Supporting Files */,
			);
			path = MDSDK;
			sourceTree = "<group>";
		};
		4812FDAE183581AA0036749C /* Supporting Files */ = {
			isa = PBXGroup;
			children = (
				4812FDAF183581AA0036749C /* MDSDK-Prefix.pch */,
				48798CD318C1CC1D00024154 /* MDMacros.h */,
			);
			name = "Supporting Files";
			sourceTree = "<group>";
		};
		4812FDC1183581AA0036749C /* MDSDKTests */ = {
			isa = PBXGroup;
			children = (
				4812FDC7183581AA0036749C /* MDSDKTests.m */,
				4812FDC2183581AA0036749C /* Supporting Files */,
			);
			path = MDSDKTests;
			sourceTree = "<group>";
		};
		4812FDC2183581AA0036749C /* Supporting Files */ = {
			isa = PBXGroup;
			children = (
				4812FDC3183581AA0036749C /* MDSDKTests-Info.plist */,
				4812FDC4183581AA0036749C /* InfoPlist.strings */,
			);
			name = "Supporting Files";
			sourceTree = "<group>";
		};
		4812FDD1183582410036749C /* Classes */ = {
			isa = PBXGroup;
			children = (
				4812FDD2183582410036749C /* AnimatedDotViews */,
				4812FDDA183582410036749C /* SideMenuViewController */,
				487F3A7318467D7100130741 /* LongPressPopupButtonsController */,
				4895A77B1AAAFE6800B202B2 /* ColorPickerView */,
				4812FDDE183582410036749C /* Utils */,
			);
			path = Classes;
			sourceTree = "<group>";
		};
		4812FDD2183582410036749C /* AnimatedDotViews */ = {
			isa = PBXGroup;
			children = (
				4812FDD5183582410036749C /* MDAnimatedDotsViewController.h */,
				4812FDD6183582410036749C /* MDAnimatedDotsViewController.m */,
				4812FDD3183582410036749C /* MDAnimatedDotsScene.h */,
				4812FDD4183582410036749C /* MDAnimatedDotsScene.m */,
				4812FDD8183582410036749C /* MDDotNode.h */,
				4812FDD9183582410036749C /* MDDotNode.m */,
			);
			path = AnimatedDotViews;
			sourceTree = "<group>";
		};
		4812FDDA183582410036749C /* SideMenuViewController */ = {
			isa = PBXGroup;
			children = (
				4812FDDB183582410036749C /* MDSideMenuViewController.h */,
				4812FDDC183582410036749C /* MDSideMenuViewController.m */,
			);
			path = SideMenuViewController;
			sourceTree = "<group>";
		};
		4812FDDE183582410036749C /* Utils */ = {
			isa = PBXGroup;
			children = (
				48E62D451A58640F00B944CE /* MDBlockDelegateActionSheet.h */,
				48E62D461A58640F00B944CE /* MDBlockDelegateActionSheet.m */,
				48E62D471A58640F00B944CE /* MDBlockDelegateAlertView.h */,
				48E62D481A58640F00B944CE /* MDBlockDelegateAlertView.m */,
				4812FDDF183582410036749C /* MDRandom.h */,
				4812FDE0183582410036749C /* MDRandom.m */,
			);
			path = Utils;
			sourceTree = "<group>";
		};
		4812FDED1835824A0036749C /* Libraries */ = {
			isa = PBXGroup;
			children = (
				4812FDEE1835824A0036749C /* Categories */,
				4832F0E1186A2C9F002AA665 /* MGImageUtilities */,
			);
			path = Libraries;
			sourceTree = "<group>";
		};
		4812FDEE1835824A0036749C /* Categories */ = {
			isa = PBXGroup;
			children = (
				4812FDEF1835824A0036749C /* UIColor+HexColor.h */,
				4812FDF01835824A0036749C /* UIColor+HexColor.m */,
			);
			path = Categories;
			sourceTree = "<group>";
		};
		4832F0E1186A2C9F002AA665 /* MGImageUtilities */ = {
			isa = PBXGroup;
			children = (
				4832EAF0186A2EA80075068A /* UIImage+Tint.h */,
				4832EAF1186A2EA80075068A /* UIImage+Tint.m */,
			);
			path = MGImageUtilities;
			sourceTree = "<group>";
		};
		487F3A7318467D7100130741 /* LongPressPopupButtonsController */ = {
			isa = PBXGroup;
			children = (
				4832F0BC186A23D0002AA665 /* MDPopupButtonsController.h */,
				4832F0BD186A23D0002AA665 /* MDPopupButtonsController.m */,
				487F3A7418467DC800130741 /* MDLongPressPopupButtonsController.h */,
				487F3A7518467DC800130741 /* MDLongPressPopupButtonsController.m */,
			);
			name = LongPressPopupButtonsController;
			sourceTree = "<group>";
		};
		4895A77B1AAAFE6800B202B2 /* ColorPickerView */ = {
			isa = PBXGroup;
			children = (
				4895A77C1AAAFE9A00B202B2 /* MDColorPickerView.h */,
				4895A77D1AAAFE9A00B202B2 /* MDColorPickerView.m */,
				4820B6E31AABB91C00B2183B /* UIColor+Equal.h */,
				4820B6E41AABB91C00B2183B /* UIColor+Equal.m */,
			);
			name = ColorPickerView;
			sourceTree = "<group>";
		};
/* End PBXGroup section */

/* Begin PBXHeadersBuildPhase section */
		48B6252618E43A3B00C528E8 /* Headers */ = {
			isa = PBXHeadersBuildPhase;
			buildActionMask = 2147483647;
			files = (
				4895A77E1AAAFE9A00B202B2 /* MDColorPickerView.h in Headers */,
				48B6252718E43A4900C528E8 /* MDSDK.h in Headers */,
				48B6252818E43A5900C528E8 /* MDAnimatedDotsViewController.h in Headers */,
				48B6252918E43A5900C528E8 /* MDAnimatedDotsScene.h in Headers */,
				48B6252A18E43A5900C528E8 /* MDDotNode.h in Headers */,
				48B6252B18E43A5900C528E8 /* MDSideMenuViewController.h in Headers */,
				48B6252C18E43A5900C528E8 /* MDPopupButtonsController.h in Headers */,
				48B6252D18E43A5900C528E8 /* MDLongPressPopupButtonsController.h in Headers */,
				48B6252E18E43A5900C528E8 /* MDRandom.h in Headers */,
				48E62D4B1A58640F00B944CE /* MDBlockDelegateAlertView.h in Headers */,
				48E62D491A58640F00B944CE /* MDBlockDelegateActionSheet.h in Headers */,
				48B6253118E43A7400C528E8 /* MDMacros.h in Headers */,
				4820B6E51AABB91C00B2183B /* UIColor+Equal.h in Headers */,
				48B6252F18E43A6A00C528E8 /* UIColor+HexColor.h in Headers */,
				48B6253018E43A6A00C528E8 /* UIImage+Tint.h in Headers */,
			);
			runOnlyForDeploymentPostprocessing = 0;
		};
/* End PBXHeadersBuildPhase section */

/* Begin PBXNativeTarget section */
		4812FDA7183581AA0036749C /* MDSDK */ = {
			isa = PBXNativeTarget;
			buildConfigurationList = 4812FDCB183581AA0036749C /* Build configuration list for PBXNativeTarget "MDSDK" */;
			buildPhases = (
				4812FDA4183581AA0036749C /* Sources */,
				4812FDA5183581AA0036749C /* Frameworks */,
				4812FDA6183581AA0036749C /* CopyFiles */,
				48B6252618E43A3B00C528E8 /* Headers */,
			);
			buildRules = (
			);
			dependencies = (
			);
			name = MDSDK;
			productName = MDSDK;
			productReference = 4812FDA8183581AA0036749C /* libMDSDK.a */;
			productType = "com.apple.product-type.library.static";
		};
		4812FDB7183581AA0036749C /* MDSDKTests */ = {
			isa = PBXNativeTarget;
			buildConfigurationList = 4812FDCE183581AA0036749C /* Build configuration list for PBXNativeTarget "MDSDKTests" */;
			buildPhases = (
				4812FDB4183581AA0036749C /* Sources */,
				4812FDB5183581AA0036749C /* Frameworks */,
				4812FDB6183581AA0036749C /* Resources */,
			);
			buildRules = (
			);
			dependencies = (
				4812FDBF183581AA0036749C /* PBXTargetDependency */,
			);
			name = MDSDKTests;
			productName = MDSDKTests;
			productReference = 4812FDB8183581AA0036749C /* MDSDKTests.xctest */;
			productType = "com.apple.product-type.bundle.unit-test";
		};
/* End PBXNativeTarget section */

/* Begin PBXProject section */
		4812FDA0183581AA0036749C /* Project object */ = {
			isa = PBXProject;
			attributes = {
				LastUpgradeCheck = 0510;
				ORGANIZATIONNAME = "Mateusz Dzwonek";
			};
			buildConfigurationList = 4812FDA3183581AA0036749C /* Build configuration list for PBXProject "MDSDK" */;
			compatibilityVersion = "Xcode 3.2";
			developmentRegion = English;
			hasScannedForEncodings = 0;
			knownRegions = (
				en,
			);
			mainGroup = 4812FD9F183581AA0036749C;
			productRefGroup = 4812FDA9183581AA0036749C /* Products */;
			projectDirPath = "";
			projectRoot = "";
			targets = (
				4812FDA7183581AA0036749C /* MDSDK */,
				4812FDB7183581AA0036749C /* MDSDKTests */,
			);
		};
/* End PBXProject section */

/* Begin PBXResourcesBuildPhase section */
		4812FDB6183581AA0036749C /* Resources */ = {
			isa = PBXResourcesBuildPhase;
			buildActionMask = 2147483647;
			files = (
				4812FDC6183581AA0036749C /* InfoPlist.strings in Resources */,
			);
			runOnlyForDeploymentPostprocessing = 0;
		};
/* End PBXResourcesBuildPhase section */

/* Begin PBXSourcesBuildPhase section */
		4812FDA4183581AA0036749C /* Sources */ = {
			isa = PBXSourcesBuildPhase;
			buildActionMask = 2147483647;
			files = (
				4832EAF2186A2EA80075068A /* UIImage+Tint.m in Sources */,
				4812FDF11835824A0036749C /* UIColor+HexColor.m in Sources */,
				4812FDE6183582410036749C /* MDDotNode.m in Sources */,
				4895A77F1AAAFE9A00B202B2 /* MDColorPickerView.m in Sources */,
				4812FDE1183582410036749C /* MDAnimatedDotsScene.m in Sources */,
				487F3A7618467DC800130741 /* MDLongPressPopupButtonsController.m in Sources */,
				4812FDE8183582410036749C /* MDSideMenuViewController.m in Sources */,
				4820B6E61AABB91C00B2183B /* UIColor+Equal.m in Sources */,
				48E62D4C1A58640F00B944CE /* MDBlockDelegateAlertView.m in Sources */,
				48E62D4A1A58640F00B944CE /* MDBlockDelegateActionSheet.m in Sources */,
				4832F0BE186A23D0002AA665 /* MDPopupButtonsController.m in Sources */,
				4812FDE3183582410036749C /* MDAnimatedDotsViewController.m in Sources */,
				4812FDEB183582410036749C /* MDRandom.m in Sources */,
			);
			runOnlyForDeploymentPostprocessing = 0;
		};
		4812FDB4183581AA0036749C /* Sources */ = {
			isa = PBXSourcesBuildPhase;
			buildActionMask = 2147483647;
			files = (
				4812FDF21835824A0036749C /* UIColor+HexColor.m in Sources */,
				4812FDE7183582410036749C /* MDDotNode.m in Sources */,
				48E62D4E1A58641500B944CE /* MDBlockDelegateAlertView.m in Sources */,
				4812FDE2183582410036749C /* MDAnimatedDotsScene.m in Sources */,
				4812FDE9183582410036749C /* MDSideMenuViewController.m in Sources */,
				4832EAF3186A2EAE0075068A /* UIImage+Tint.m in Sources */,
				4812FDE4183582410036749C /* MDAnimatedDotsViewController.m in Sources */,
				48E62D4D1A58641500B944CE /* MDBlockDelegateActionSheet.m in Sources */,
				4812FDC8183581AA0036749C /* MDSDKTests.m in Sources */,
				4812FDEC183582410036749C /* MDRandom.m in Sources */,
			);
			runOnlyForDeploymentPostprocessing = 0;
		};
/* End PBXSourcesBuildPhase section */

/* Begin PBXTargetDependency section */
		4812FDBF183581AA0036749C /* PBXTargetDependency */ = {
			isa = PBXTargetDependency;
			target = 4812FDA7183581AA0036749C /* MDSDK */;
			targetProxy = 4812FDBE183581AA0036749C /* PBXContainerItemProxy */;
		};
/* End PBXTargetDependency section */

/* Begin PBXVariantGroup section */
		4812FDC4183581AA0036749C /* InfoPlist.strings */ = {
			isa = PBXVariantGroup;
			children = (
				4812FDC5183581AA0036749C /* en */,
			);
			name = InfoPlist.strings;
			sourceTree = "<group>";
		};
/* End PBXVariantGroup section */

/* Begin XCBuildConfiguration section */
		4812FDC9183581AA0036749C /* Debug */ = {
			isa = XCBuildConfiguration;
			buildSettings = {
				ALWAYS_SEARCH_USER_PATHS = NO;
				CLANG_CXX_LANGUAGE_STANDARD = "gnu++0x";
				CLANG_CXX_LIBRARY = "libc++";
				CLANG_ENABLE_MODULES = YES;
				CLANG_ENABLE_OBJC_ARC = YES;
				CLANG_WARN_BOOL_CONVERSION = YES;
				CLANG_WARN_CONSTANT_CONVERSION = YES;
				CLANG_WARN_DIRECT_OBJC_ISA_USAGE = YES_ERROR;
				CLANG_WARN_EMPTY_BODY = YES;
				CLANG_WARN_ENUM_CONVERSION = YES;
				CLANG_WARN_INT_CONVERSION = YES;
				CLANG_WARN_OBJC_ROOT_CLASS = YES_ERROR;
				CLANG_WARN__DUPLICATE_METHOD_MATCH = YES;
				COPY_PHASE_STRIP = NO;
				GCC_C_LANGUAGE_STANDARD = gnu99;
				GCC_DYNAMIC_NO_PIC = NO;
				GCC_OPTIMIZATION_LEVEL = 0;
				GCC_PREPROCESSOR_DEFINITIONS = (
					"DEBUG=1",
					"$(inherited)",
				);
				GCC_SYMBOLS_PRIVATE_EXTERN = NO;
				GCC_WARN_64_TO_32_BIT_CONVERSION = YES;
				GCC_WARN_ABOUT_RETURN_TYPE = YES_ERROR;
				GCC_WARN_UNDECLARED_SELECTOR = YES;
				GCC_WARN_UNINITIALIZED_AUTOS = YES;
				GCC_WARN_UNUSED_FUNCTION = YES;
				GCC_WARN_UNUSED_VARIABLE = YES;
				IPHONEOS_DEPLOYMENT_TARGET = 7.0;
				ONLY_ACTIVE_ARCH = YES;
				SDKROOT = iphoneos;
			};
			name = Debug;
		};
		4812FDCA183581AA0036749C /* Release */ = {
			isa = XCBuildConfiguration;
			buildSettings = {
				ALWAYS_SEARCH_USER_PATHS = NO;
				CLANG_CXX_LANGUAGE_STANDARD = "gnu++0x";
				CLANG_CXX_LIBRARY = "libc++";
				CLANG_ENABLE_MODULES = YES;
				CLANG_ENABLE_OBJC_ARC = YES;
				CLANG_WARN_BOOL_CONVERSION = YES;
				CLANG_WARN_CONSTANT_CONVERSION = YES;
				CLANG_WARN_DIRECT_OBJC_ISA_USAGE = YES_ERROR;
				CLANG_WARN_EMPTY_BODY = YES;
				CLANG_WARN_ENUM_CONVERSION = YES;
				CLANG_WARN_INT_CONVERSION = YES;
				CLANG_WARN_OBJC_ROOT_CLASS = YES_ERROR;
				CLANG_WARN__DUPLICATE_METHOD_MATCH = YES;
				COPY_PHASE_STRIP = YES;
				ENABLE_NS_ASSERTIONS = NO;
				GCC_C_LANGUAGE_STANDARD = gnu99;
				GCC_WARN_64_TO_32_BIT_CONVERSION = YES;
				GCC_WARN_ABOUT_RETURN_TYPE = YES_ERROR;
				GCC_WARN_UNDECLARED_SELECTOR = YES;
				GCC_WARN_UNINITIALIZED_AUTOS = YES;
				GCC_WARN_UNUSED_FUNCTION = YES;
				GCC_WARN_UNUSED_VARIABLE = YES;
				IPHONEOS_DEPLOYMENT_TARGET = 7.0;
				SDKROOT = iphoneos;
				VALIDATE_PRODUCT = YES;
			};
			name = Release;
		};
		4812FDCC183581AA0036749C /* Debug */ = {
			isa = XCBuildConfiguration;
			buildSettings = {
				DSTROOT = /tmp/MDSDK.dst;
				GCC_PRECOMPILE_PREFIX_HEADER = YES;
				GCC_PREFIX_HEADER = "MDSDK/MDSDK-Prefix.pch";
				ONLY_ACTIVE_ARCH = NO;
				OTHER_LDFLAGS = "-ObjC";
				PRODUCT_NAME = "$(TARGET_NAME)";
				PUBLIC_HEADERS_FOLDER_PATH = include/MDSDK;
				SKIP_INSTALL = YES;
			};
			name = Debug;
		};
		4812FDCD183581AA0036749C /* Release */ = {
			isa = XCBuildConfiguration;
			buildSettings = {
				DSTROOT = /tmp/MDSDK.dst;
				GCC_PRECOMPILE_PREFIX_HEADER = YES;
				GCC_PREFIX_HEADER = "MDSDK/MDSDK-Prefix.pch";
				OTHER_LDFLAGS = "-ObjC";
				PRODUCT_NAME = "$(TARGET_NAME)";
				PUBLIC_HEADERS_FOLDER_PATH = include/MDSDK;
				SKIP_INSTALL = YES;
			};
			name = Release;
		};
		4812FDCF183581AA0036749C /* Debug */ = {
			isa = XCBuildConfiguration;
			buildSettings = {
				FRAMEWORK_SEARCH_PATHS = (
					"$(SDKROOT)/Developer/Library/Frameworks",
					"$(inherited)",
					"$(DEVELOPER_FRAMEWORKS_DIR)",
				);
				GCC_PRECOMPILE_PREFIX_HEADER = YES;
				GCC_PREFIX_HEADER = "MDSDK/MDSDK-Prefix.pch";
				GCC_PREPROCESSOR_DEFINITIONS = (
					"DEBUG=1",
					"$(inherited)",
				);
				INFOPLIST_FILE = "MDSDKTests/MDSDKTests-Info.plist";
				PRODUCT_NAME = "$(TARGET_NAME)";
				WRAPPER_EXTENSION = xctest;
			};
			name = Debug;
		};
		4812FDD0183581AA0036749C /* Release */ = {
			isa = XCBuildConfiguration;
			buildSettings = {
				FRAMEWORK_SEARCH_PATHS = (
					"$(SDKROOT)/Developer/Library/Frameworks",
					"$(inherited)",
					"$(DEVELOPER_FRAMEWORKS_DIR)",
				);
				GCC_PRECOMPILE_PREFIX_HEADER = YES;
				GCC_PREFIX_HEADER = "MDSDK/MDSDK-Prefix.pch";
				INFOPLIST_FILE = "MDSDKTests/MDSDKTests-Info.plist";
				PRODUCT_NAME = "$(TARGET_NAME)";
				WRAPPER_EXTENSION = xctest;
			};
			name = Release;
		};
/* End XCBuildConfiguration section */

/* Begin XCConfigurationList section */
		4812FDA3183581AA0036749C /* Build configuration list for PBXProject "MDSDK" */ = {
			isa = XCConfigurationList;
			buildConfigurations = (
				4812FDC9183581AA0036749C /* Debug */,
				4812FDCA183581AA0036749C /* Release */,
			);
			defaultConfigurationIsVisible = 0;
			defaultConfigurationName = Release;
		};
		4812FDCB183581AA0036749C /* Build configuration list for PBXNativeTarget "MDSDK" */ = {
			isa = XCConfigurationList;
			buildConfigurations = (
				4812FDCC183581AA0036749C /* Debug */,
				4812FDCD183581AA0036749C /* Release */,
			);
			defaultConfigurationIsVisible = 0;
			defaultConfigurationName = Release;
		};
		4812FDCE183581AA0036749C /* Build configuration list for PBXNativeTarget "MDSDKTests" */ = {
			isa = XCConfigurationList;
			buildConfigurations = (
				4812FDCF183581AA0036749C /* Debug */,
				4812FDD0183581AA0036749C /* Release */,
			);
			defaultConfigurationIsVisible = 0;
			defaultConfigurationName = Release;
		};
/* End XCConfigurationList section */
	};
	rootObject = 4812FDA0183581AA0036749C /* Project object */;
}
